
Microsoft Visual Studio Solution File, Format Version 12.00
# Visual Studio Version 17
VisualStudioVersion = 17.7.34031.279
MinimumVisualStudioVersion = 10.0.40219.1
Project("{FAE04EC0-301F-11D3-BF4B-00C04F79EFBC}") = "SlotMachineClasse", "SlotMachine\SlotMachineClasse.csproj", "{8A2D1967-0943-4D58-80DC-0598C40CA9D2}"
EndProject
Project("{FAE04EC0-301F-11D3-BF4B-00C04F79EFBC}") = "SlotMachineConsole", "SlotMachineConsole\SlotMachineConsole.csproj", "{6957AF29-4F35-4556-8B21-3321205FF30F}"
EndProject
Global
	GlobalSection(SolutionConfigurationPlatforms) = preSolution
		Debug|Any CPU = Debug|Any CPU
		Release|Any CPU = Release|Any CPU
	EndGlobalSection
	GlobalSection(ProjectConfigurationPlatforms) = postSolution
		{8A2D1967-0943-4D58-80DC-0598C40CA9D2}.Debug|Any CPU.ActiveCfg = Debug|Any CPU
		{8A2D1967-0943-4D58-80DC-0598C40CA9D2}.Debug|Any CPU.Build.0 = Debug|Any CPU
		{8A2D1967-0943-4D58-80DC-0598C40CA9D2}.Release|Any CPU.ActiveCfg = Release|Any CPU
		{8A2D1967-0943-4D58-80DC-0598C40CA9D2}.Release|Any CPU.Build.0 = Release|Any CPU
		{6957AF29-4F35-4556-8B21-3321205FF30F}.Debug|Any CPU.ActiveCfg = Debug|Any CPU
		{6957AF29-4F35-4556-8B21-3321205FF30F}.Debug|Any CPU.Build.0 = Debug|Any CPU
		{6957AF29-4F35-4556-8B21-3321205FF30F}.Release|Any CPU.ActiveCfg = Release|Any CPU
		{6957AF29-4F35-4556-8B21-3321205FF30F}.Release|Any CPU.Build.0 = Release|Any CPU
	EndGlobalSection
	GlobalSection(SolutionProperties) = preSolution
		HideSolutionNode = FALSE
	EndGlobalSection
	GlobalSection(ExtensibilityGlobals) = postSolution
		SolutionGuid = {AA8B1050-973A-4C2F-A917-B033C08177F4}
	EndGlobalSection
EndGlobal
